
Microsoft Visual Studio Solution File, Format Version 12.00
# Visual Studio Version 17
VisualStudioVersion = 17.14.36414.22 d17.14
MinimumVisualStudioVersion = 10.0.40219.1
Project("{FAE04EC0-301F-11D3-BF4B-00C04F79EFBC}") = "LibraryManagement.WinForms", "LibraryManagement.WinForms.csproj", "{C42182CD-B85C-4003-8CD5-4AB70A0C25C9}"
EndProject
Project("{FAE04EC0-301F-11D3-BF4B-00C04F79EFBC}") = "LibraryManagement.Domain", "..\LibraryManagement.Domain\LibraryManagement.Domain.csproj", "{FB4DDDBB-36CC-43CB-933E-6B6564574D1F}"
EndProject
Project("{FAE04EC0-301F-11D3-BF4B-00C04F79EFBC}") = "LibraryManagement.Data", "..\LibraryManagement.Data\LibraryManagement.Data.csproj", "{3965AAAF-0FE8-4A92-88A3-7771A0ADCEB5}"
EndProject
Project("{FAE04EC0-301F-11D3-BF4B-00C04F79EFBC}") = "LibraryManagement.Services", "..\LibraryManagement.Services\LibraryManagement.Services.csproj", "{DEAA4619-FA2D-4ED7-A96B-4BDC62ABDD54}"
EndProject
Global
	GlobalSection(SolutionConfigurationPlatforms) = preSolution
		Debug|Any CPU = Debug|Any CPU
		Release|Any CPU = Release|Any CPU
	EndGlobalSection
	GlobalSection(ProjectConfigurationPlatforms) = postSolution
		{C42182CD-B85C-4003-8CD5-4AB70A0C25C9}.Debug|Any CPU.ActiveCfg = Debug|Any CPU
		{C42182CD-B85C-4003-8CD5-4AB70A0C25C9}.Debug|Any CPU.Build.0 = Debug|Any CPU
		{C42182CD-B85C-4003-8CD5-4AB70A0C25C9}.Release|Any CPU.ActiveCfg = Release|Any CPU
		{C42182CD-B85C-4003-8CD5-4AB70A0C25C9}.Release|Any CPU.Build.0 = Release|Any CPU
		{FB4DDDBB-36CC-43CB-933E-6B6564574D1F}.Debug|Any CPU.ActiveCfg = Debug|Any CPU
		{FB4DDDBB-36CC-43CB-933E-6B6564574D1F}.Debug|Any CPU.Build.0 = Debug|Any CPU
		{FB4DDDBB-36CC-43CB-933E-6B6564574D1F}.Release|Any CPU.ActiveCfg = Release|Any CPU
		{FB4DDDBB-36CC-43CB-933E-6B6564574D1F}.Release|Any CPU.Build.0 = Release|Any CPU
		{3965AAAF-0FE8-4A92-88A3-7771A0ADCEB5}.Debug|Any CPU.ActiveCfg = Debug|Any CPU
		{3965AAAF-0FE8-4A92-88A3-7771A0ADCEB5}.Debug|Any CPU.Build.0 = Debug|Any CPU
		{3965AAAF-0FE8-4A92-88A3-7771A0ADCEB5}.Release|Any CPU.ActiveCfg = Release|Any CPU
		{3965AAAF-0FE8-4A92-88A3-7771A0ADCEB5}.Release|Any CPU.Build.0 = Release|Any CPU
		{DEAA4619-FA2D-4ED7-A96B-4BDC62ABDD54}.Debug|Any CPU.ActiveCfg = Debug|Any CPU
		{DEAA4619-FA2D-4ED7-A96B-4BDC62ABDD54}.Debug|Any CPU.Build.0 = Debug|Any CPU
		{DEAA4619-FA2D-4ED7-A96B-4BDC62ABDD54}.Release|Any CPU.ActiveCfg = Release|Any CPU
		{DEAA4619-FA2D-4ED7-A96B-4BDC62ABDD54}.Release|Any CPU.Build.0 = Release|Any CPU
	EndGlobalSection
	GlobalSection(SolutionProperties) = preSolution
		HideSolutionNode = FALSE
	EndGlobalSection
	GlobalSection(ExtensibilityGlobals) = postSolution
		SolutionGuid = {3850D2F0-7587-486A-A84F-0FF02FDEAE74}
	EndGlobalSection
EndGlobal
